// !$*UTF8*$!
{
	archiveVersion = 1;
	classes = {
	};
	objectVersion = 51;
	objects = {

/* Begin PBXBuildFile section */
		1442E548239B7F3700C07866 /* Impact.ttf in Resources */ = {isa = PBXBuildFile; fileRef = 1442E547239B7F3700C07866 /* Impact.ttf */; };
		1455FBEF239916BC006F3F5D /* AppDelegate.swift in Sources */ = {isa = PBXBuildFile; fileRef = 1455FBEE239916BC006F3F5D /* AppDelegate.swift */; };
		1455FBF1239916BC006F3F5D /* SceneDelegate.swift in Sources */ = {isa = PBXBuildFile; fileRef = 1455FBF0239916BC006F3F5D /* SceneDelegate.swift */; };
		1455FBF3239916BC006F3F5D /* CreateMemeViewController.swift in Sources */ = {isa = PBXBuildFile; fileRef = 1455FBF2239916BC006F3F5D /* CreateMemeViewController.swift */; };
		1455FBF6239916BC006F3F5D /* Main.storyboard in Resources */ = {isa = PBXBuildFile; fileRef = 1455FBF4239916BC006F3F5D /* Main.storyboard */; };
		1455FBF8239916BE006F3F5D /* Assets.xcassets in Resources */ = {isa = PBXBuildFile; fileRef = 1455FBF7239916BE006F3F5D /* Assets.xcassets */; };
		1455FBFB239916BE006F3F5D /* LaunchScreen.storyboard in Resources */ = {isa = PBXBuildFile; fileRef = 1455FBF9239916BE006F3F5D /* LaunchScreen.storyboard */; };
		1455FC0323994285006F3F5D /* Meme.swift in Sources */ = {isa = PBXBuildFile; fileRef = 1455FC0223994285006F3F5D /* Meme.swift */; };
		145EFE4D23D58E0800287231 /* SentMemesCollectionViewController.swift in Sources */ = {isa = PBXBuildFile; fileRef = 145EFE4C23D58E0800287231 /* SentMemesCollectionViewController.swift */; };
		145EFE4F23D58E2400287231 /* SentMemesTableViewController.swift in Sources */ = {isa = PBXBuildFile; fileRef = 145EFE4E23D58E2400287231 /* SentMemesTableViewController.swift */; };
		145EFE5123D6146A00287231 /* MemeCollectionViewCell.swift in Sources */ = {isa = PBXBuildFile; fileRef = 145EFE5023D6146A00287231 /* MemeCollectionViewCell.swift */; };
		145EFE5323D62E0100287231 /* MemeDetailViewController.swift in Sources */ = {isa = PBXBuildFile; fileRef = 145EFE5223D62E0100287231 /* MemeDetailViewController.swift */; };
		A412C1809FCB950C7C5948A8 /* Pods_MemeMe2_0.framework in Frameworks */ = {isa = PBXBuildFile; fileRef = F9507F63722B794CEBC0FD36 /* Pods_MemeMe2_0.framework */; };
/* End PBXBuildFile section */

/* Begin PBXFileReference section */
		1442E547239B7F3700C07866 /* Impact.ttf */ = {isa = PBXFileReference; lastKnownFileType = file; path = Impact.ttf; sourceTree = "<group>"; };
		1455FBEB239916BC006F3F5D /* MemeMe2.0.app */ = {isa = PBXFileReference; explicitFileType = wrapper.application; includeInIndex = 0; path = MemeMe2.0.app; sourceTree = BUILT_PRODUCTS_DIR; };
		1455FBEE239916BC006F3F5D /* AppDelegate.swift */ = {isa = PBXFileReference; lastKnownFileType = sourcecode.swift; path = AppDelegate.swift; sourceTree = "<group>"; };
		1455FBF0239916BC006F3F5D /* SceneDelegate.swift */ = {isa = PBXFileReference; lastKnownFileType = sourcecode.swift; path = SceneDelegate.swift; sourceTree = "<group>"; };
		1455FBF2239916BC006F3F5D /* CreateMemeViewController.swift */ = {isa = PBXFileReference; lastKnownFileType = sourcecode.swift; path = CreateMemeViewController.swift; sourceTree = "<group>"; };
		1455FBF5239916BC006F3F5D /* Base */ = {isa = PBXFileReference; lastKnownFileType = file.storyboard; name = Base; path = Base.lproj/Main.storyboard; sourceTree = "<group>"; };
		1455FBF7239916BE006F3F5D /* Assets.xcassets */ = {isa = PBXFileReference; lastKnownFileType = folder.assetcatalog; path = Assets.xcassets; sourceTree = "<group>"; };
		1455FBFA239916BE006F3F5D /* Base */ = {isa = PBXFileReference; lastKnownFileType = file.storyboard; name = Base; path = Base.lproj/LaunchScreen.storyboard; sourceTree = "<group>"; };
		1455FBFC239916BE006F3F5D /* Info.plist */ = {isa = PBXFileReference; lastKnownFileType = text.plist.xml; path = Info.plist; sourceTree = "<group>"; };
		1455FC0223994285006F3F5D /* Meme.swift */ = {isa = PBXFileReference; lastKnownFileType = sourcecode.swift; path = Meme.swift; sourceTree = "<group>"; };
		145EFE4C23D58E0800287231 /* SentMemesCollectionViewController.swift */ = {isa = PBXFileReference; lastKnownFileType = sourcecode.swift; path = SentMemesCollectionViewController.swift; sourceTree = "<group>"; };
		145EFE4E23D58E2400287231 /* SentMemesTableViewController.swift */ = {isa = PBXFileReference; lastKnownFileType = sourcecode.swift; path = SentMemesTableViewController.swift; sourceTree = "<group>"; };
		145EFE5023D6146A00287231 /* MemeCollectionViewCell.swift */ = {isa = PBXFileReference; lastKnownFileType = sourcecode.swift; path = MemeCollectionViewCell.swift; sourceTree = "<group>"; };
		145EFE5223D62E0100287231 /* MemeDetailViewController.swift */ = {isa = PBXFileReference; lastKnownFileType = sourcecode.swift; path = MemeDetailViewController.swift; sourceTree = "<group>"; };
		21963F1FE54BD19168884945 /* Pods-MemeMe2.0.debug.xcconfig */ = {isa = PBXFileReference; includeInIndex = 1; lastKnownFileType = text.xcconfig; name = "Pods-MemeMe2.0.debug.xcconfig"; path = "Target Support Files/Pods-MemeMe2.0/Pods-MemeMe2.0.debug.xcconfig"; sourceTree = "<group>"; };
		ECE694D771FB6F5AE3BFAFFF /* Pods-MemeMe2.0.release.xcconfig */ = {isa = PBXFileReference; includeInIndex = 1; lastKnownFileType = text.xcconfig; name = "Pods-MemeMe2.0.release.xcconfig"; path = "Target Support Files/Pods-MemeMe2.0/Pods-MemeMe2.0.release.xcconfig"; sourceTree = "<group>"; };
		F9507F63722B794CEBC0FD36 /* Pods_MemeMe2_0.framework */ = {isa = PBXFileReference; explicitFileType = wrapper.framework; includeInIndex = 0; path = Pods_MemeMe2_0.framework; sourceTree = BUILT_PRODUCTS_DIR; };
/* End PBXFileReference section */

/* Begin PBXFrameworksBuildPhase section */
		1455FBE8239916BC006F3F5D /* Frameworks */ = {
			isa = PBXFrameworksBuildPhase;
			buildActionMask = 2147483647;
			files = (
				A412C1809FCB950C7C5948A8 /* Pods_MemeMe2_0.framework in Frameworks */,
			);
			runOnlyForDeploymentPostprocessing = 0;
		};
/* End PBXFrameworksBuildPhase section */

/* Begin PBXGroup section */
		1455FBE2239916BC006F3F5D = {
			isa = PBXGroup;
			children = (
				1455FBED239916BC006F3F5D /* MemeMe2.0 */,
				1455FBEC239916BC006F3F5D /* Products */,
				8B0655F19489BDDDD1396239 /* Pods */,
				1C982A298C7B81F05D69C503 /* Frameworks */,
			);
			sourceTree = "<group>";
		};
		1455FBEC239916BC006F3F5D /* Products */ = {
			isa = PBXGroup;
			children = (
				1455FBEB239916BC006F3F5D /* MemeMe2.0.app */,
			);
			name = Products;
			sourceTree = "<group>";
		};
		1455FBED239916BC006F3F5D /* MemeMe2.0 */ = {
			isa = PBXGroup;
			children = (
				1442E547239B7F3700C07866 /* Impact.ttf */,
				1455FBEE239916BC006F3F5D /* AppDelegate.swift */,
				1455FBF0239916BC006F3F5D /* SceneDelegate.swift */,
				1455FBF2239916BC006F3F5D /* CreateMemeViewController.swift */,
				1455FBF4239916BC006F3F5D /* Main.storyboard */,
				1455FBF7239916BE006F3F5D /* Assets.xcassets */,
				1455FBF9239916BE006F3F5D /* LaunchScreen.storyboard */,
				1455FBFC239916BE006F3F5D /* Info.plist */,
				1455FC0223994285006F3F5D /* Meme.swift */,
				145EFE4C23D58E0800287231 /* SentMemesCollectionViewController.swift */,
				145EFE4E23D58E2400287231 /* SentMemesTableViewController.swift */,
				145EFE5023D6146A00287231 /* MemeCollectionViewCell.swift */,
				145EFE5223D62E0100287231 /* MemeDetailViewController.swift */,
			);
			path = MemeMe2.0;
			sourceTree = "<group>";
		};
		1C982A298C7B81F05D69C503 /* Frameworks */ = {
			isa = PBXGroup;
			children = (
				F9507F63722B794CEBC0FD36 /* Pods_MemeMe2_0.framework */,
			);
			name = Frameworks;
			sourceTree = "<group>";
		};
		8B0655F19489BDDDD1396239 /* Pods */ = {
			isa = PBXGroup;
			children = (
				21963F1FE54BD19168884945 /* Pods-MemeMe2.0.debug.xcconfig */,
				ECE694D771FB6F5AE3BFAFFF /* Pods-MemeMe2.0.release.xcconfig */,
			);
			path = Pods;
			sourceTree = "<group>";
		};
/* End PBXGroup section */

/* Begin PBXNativeTarget section */
		1455FBEA239916BC006F3F5D /* MemeMe2.0 */ = {
			isa = PBXNativeTarget;
			buildConfigurationList = 1455FBFF239916BE006F3F5D /* Build configuration list for PBXNativeTarget "MemeMe2.0" */;
			buildPhases = (
				AFADE462B6BCCC6462D4E634 /* [CP] Check Pods Manifest.lock */,
				1455FBE7239916BC006F3F5D /* Sources */,
				1455FBE8239916BC006F3F5D /* Frameworks */,
				1455FBE9239916BC006F3F5D /* Resources */,
				064670B915AFDDC0E93CA7D8 /* [CP] Embed Pods Frameworks */,
			);
			buildRules = (
			);
			dependencies = (
			);
			name = MemeMe2.0;
			productName = MemeMe1.0;
			productReference = 1455FBEB239916BC006F3F5D /* MemeMe2.0.app */;
			productType = "com.apple.product-type.application";
		};
/* End PBXNativeTarget section */

/* Begin PBXProject section */
		1455FBE3239916BC006F3F5D /* Project object */ = {
			isa = PBXProject;
			attributes = {
				LastSwiftUpdateCheck = 1120;
				LastUpgradeCheck = 1120;
				ORGANIZATIONNAME = "Ing Groups";
				TargetAttributes = {
					1455FBEA239916BC006F3F5D = {
						CreatedOnToolsVersion = 11.2.1;
					};
				};
			};
			buildConfigurationList = 1455FBE6239916BC006F3F5D /* Build configuration list for PBXProject "MemeMe2.0" */;
			compatibilityVersion = "Xcode 9.3";
			developmentRegion = en;
			hasScannedForEncodings = 0;
			knownRegions = (
				en,
				Base,
			);
			mainGroup = 1455FBE2239916BC006F3F5D;
			productRefGroup = 1455FBEC239916BC006F3F5D /* Products */;
			projectDirPath = "";
			projectRoot = "";
			targets = (
				1455FBEA239916BC006F3F5D /* MemeMe2.0 */,
			);
		};
/* End PBXProject section */

/* Begin PBXResourcesBuildPhase section */
		1455FBE9239916BC006F3F5D /* Resources */ = {
			isa = PBXResourcesBuildPhase;
			buildActionMask = 2147483647;
			files = (
				1442E548239B7F3700C07866 /* Impact.ttf in Resources */,
				1455FBFB239916BE006F3F5D /* LaunchScreen.storyboard in Resources */,
				1455FBF8239916BE006F3F5D /* Assets.xcassets in Resources */,
				1455FBF6239916BC006F3F5D /* Main.storyboard in Resources */,
			);
			runOnlyForDeploymentPostprocessing = 0;
		};
/* End PBXResourcesBuildPhase section */

/* Begin PBXShellScriptBuildPhase section */
		064670B915AFDDC0E93CA7D8 /* [CP] Embed Pods Frameworks */ = {
			isa = PBXShellScriptBuildPhase;
			buildActionMask = 2147483647;
			files = (
			);
			inputFileListPaths = (
				"${PODS_ROOT}/Target Support Files/Pods-MemeMe2.0/Pods-MemeMe2.0-frameworks-${CONFIGURATION}-input-files.xcfilelist",
			);
			name = "[CP] Embed Pods Frameworks";
			outputFileListPaths = (
				"${PODS_ROOT}/Target Support Files/Pods-MemeMe2.0/Pods-MemeMe2.0-frameworks-${CONFIGURATION}-output-files.xcfilelist",
			);
			runOnlyForDeploymentPostprocessing = 0;
			shellPath = /bin/sh;
			shellScript = "\"${PODS_ROOT}/Target Support Files/Pods-MemeMe2.0/Pods-MemeMe2.0-frameworks.sh\"\n";
			showEnvVarsInLog = 0;
		};
		AFADE462B6BCCC6462D4E634 /* [CP] Check Pods Manifest.lock */ = {
			isa = PBXShellScriptBuildPhase;
			buildActionMask = 2147483647;
			files = (
			);
			inputFileListPaths = (
			);
			inputPaths = (
				"${PODS_PODFILE_DIR_PATH}/Podfile.lock",
				"${PODS_ROOT}/Manifest.lock",
			);
			name = "[CP] Check Pods Manifest.lock";
			outputFileListPaths = (
			);
			outputPaths = (
				"$(DERIVED_FILE_DIR)/Pods-MemeMe2.0-checkManifestLockResult.txt",
			);
			runOnlyForDeploymentPostprocessing = 0;
			shellPath = /bin/sh;
			shellScript = "diff \"${PODS_PODFILE_DIR_PATH}/Podfile.lock\" \"${PODS_ROOT}/Manifest.lock\" > /dev/null\nif [ $? != 0 ] ; then\n    # print error to STDERR\n    echo \"error: The sandbox is not in sync with the Podfile.lock. Run 'pod install' or update your CocoaPods installation.\" >&2\n    exit 1\nfi\n# This output is used by Xcode 'outputs' to avoid re-running this script phase.\necho \"SUCCESS\" > \"${SCRIPT_OUTPUT_FILE_0}\"\n";
			showEnvVarsInLog = 0;
		};
/* End PBXShellScriptBuildPhase section */

/* Begin PBXSourcesBuildPhase section */
		1455FBE7239916BC006F3F5D /* Sources */ = {
			isa = PBXSourcesBuildPhase;
			buildActionMask = 2147483647;
			files = (
				1455FBF3239916BC006F3F5D /* CreateMemeViewController.swift in Sources */,
				145EFE4F23D58E2400287231 /* SentMemesTableViewController.swift in Sources */,
				1455FC0323994285006F3F5D /* Meme.swift in Sources */,
				145EFE4D23D58E0800287231 /* SentMemesCollectionViewController.swift in Sources */,
				145EFE5123D6146A00287231 /* MemeCollectionViewCell.swift in Sources */,
				1455FBEF239916BC006F3F5D /* AppDelegate.swift in Sources */,
				1455FBF1239916BC006F3F5D /* SceneDelegate.swift in Sources */,
				145EFE5323D62E0100287231 /* MemeDetailViewController.swift in Sources */,
			);
			runOnlyForDeploymentPostprocessing = 0;
		};
/* End PBXSourcesBuildPhase section */

/* Begin PBXVariantGroup section */
		1455FBF4239916BC006F3F5D /* Main.storyboard */ = {
			isa = PBXVariantGroup;
			children = (
				1455FBF5239916BC006F3F5D /* Base */,
			);
			name = Main.storyboard;
			sourceTree = "<group>";
		};
		1455FBF9239916BE006F3F5D /* LaunchScreen.storyboard */ = {
			isa = PBXVariantGroup;
			children = (
				1455FBFA239916BE006F3F5D /* Base */,
			);
			name = LaunchScreen.storyboard;
			sourceTree = "<group>";
		};
/* End PBXVariantGroup section */

/* Begin XCBuildConfiguration section */
		1455FBFD239916BE006F3F5D /* Debug */ = {
			isa = XCBuildConfiguration;
			buildSettings = {
				ALWAYS_SEARCH_USER_PATHS = NO;
				CLANG_ANALYZER_NONNULL = YES;
				CLANG_ANALYZER_NUMBER_OBJECT_CONVERSION = YES_AGGRESSIVE;
				CLANG_CXX_LANGUAGE_STANDARD = "gnu++14";
				CLANG_CXX_LIBRARY = "libc++";
				CLANG_ENABLE_MODULES = YES;
				CLANG_ENABLE_OBJC_ARC = YES;
				CLANG_ENABLE_OBJC_WEAK = YES;
				CLANG_WARN_BLOCK_CAPTURE_AUTORELEASING = YES;
				CLANG_WARN_BOOL_CONVERSION = YES;
				CLANG_WARN_COMMA = YES;
				CLANG_WARN_CONSTANT_CONVERSION = YES;
				CLANG_WARN_DEPRECATED_OBJC_IMPLEMENTATIONS = YES;
				CLANG_WARN_DIRECT_OBJC_ISA_USAGE = YES_ERROR;
				CLANG_WARN_DOCUMENTATION_COMMENTS = YES;
				CLANG_WARN_EMPTY_BODY = YES;
				CLANG_WARN_ENUM_CONVERSION = YES;
				CLANG_WARN_INFINITE_RECURSION = YES;
				CLANG_WARN_INT_CONVERSION = YES;
				CLANG_WARN_NON_LITERAL_NULL_CONVERSION = YES;
				CLANG_WARN_OBJC_IMPLICIT_RETAIN_SELF = YES;
				CLANG_WARN_OBJC_LITERAL_CONVERSION = YES;
				CLANG_WARN_OBJC_ROOT_CLASS = YES_ERROR;
				CLANG_WARN_RANGE_LOOP_ANALYSIS = YES;
				CLANG_WARN_STRICT_PROTOTYPES = YES;
				CLANG_WARN_SUSPICIOUS_MOVE = YES;
				CLANG_WARN_UNGUARDED_AVAILABILITY = YES_AGGRESSIVE;
				CLANG_WARN_UNREACHABLE_CODE = YES;
				CLANG_WARN__DUPLICATE_METHOD_MATCH = YES;
				COPY_PHASE_STRIP = NO;
				DEBUG_INFORMATION_FORMAT = dwarf;
				ENABLE_STRICT_OBJC_MSGSEND = YES;
				ENABLE_TESTABILITY = YES;
				GCC_C_LANGUAGE_STANDARD = gnu11;
				GCC_DYNAMIC_NO_PIC = NO;
				GCC_NO_COMMON_BLOCKS = YES;
				GCC_OPTIMIZATION_LEVEL = 0;
				GCC_PREPROCESSOR_DEFINITIONS = (
					"DEBUG=1",
					"$(inherited)",
				);
				GCC_WARN_64_TO_32_BIT_CONVERSION = YES;
				GCC_WARN_ABOUT_RETURN_TYPE = YES_ERROR;
				GCC_WARN_UNDECLARED_SELECTOR = YES;
				GCC_WARN_UNINITIALIZED_AUTOS = YES_AGGRESSIVE;
				GCC_WARN_UNUSED_FUNCTION = YES;
				GCC_WARN_UNUSED_VARIABLE = YES;
				IPHONEOS_DEPLOYMENT_TARGET = 13.2;
				MTL_ENABLE_DEBUG_INFO = INCLUDE_SOURCE;
				MTL_FAST_MATH = YES;
				ONLY_ACTIVE_ARCH = YES;
				SDKROOT = iphoneos;
				SWIFT_ACTIVE_COMPILATION_CONDITIONS = DEBUG;
				SWIFT_OPTIMIZATION_LEVEL = "-Onone";
			};
			name = Debug;
		};
		1455FBFE239916BE006F3F5D /* Release */ = {
			isa = XCBuildConfiguration;
			buildSettings = {
				ALWAYS_SEARCH_USER_PATHS = NO;
				CLANG_ANALYZER_NONNULL = YES;
				CLANG_ANALYZER_NUMBER_OBJECT_CONVERSION = YES_AGGRESSIVE;
				CLANG_CXX_LANGUAGE_STANDARD = "gnu++14";
				CLANG_CXX_LIBRARY = "libc++";
				CLANG_ENABLE_MODULES = YES;
				CLANG_ENABLE_OBJC_ARC = YES;
				CLANG_ENABLE_OBJC_WEAK = YES;
				CLANG_WARN_BLOCK_CAPTURE_AUTORELEASING = YES;
				CLANG_WARN_BOOL_CONVERSION = YES;
				CLANG_WARN_COMMA = YES;
				CLANG_WARN_CONSTANT_CONVERSION = YES;
				CLANG_WARN_DEPRECATED_OBJC_IMPLEMENTATIONS = YES;
				CLANG_WARN_DIRECT_OBJC_ISA_USAGE = YES_ERROR;
				CLANG_WARN_DOCUMENTATION_COMMENTS = YES;
				CLANG_WARN_EMPTY_BODY = YES;
				CLANG_WARN_ENUM_CONVERSION = YES;
				CLANG_WARN_INFINITE_RECURSION = YES;
				CLANG_WARN_INT_CONVERSION = YES;
				CLANG_WARN_NON_LITERAL_NULL_CONVERSION = YES;
				CLANG_WARN_OBJC_IMPLICIT_RETAIN_SELF = YES;
				CLANG_WARN_OBJC_LITERAL_CONVERSION = YES;
				CLANG_WARN_OBJC_ROOT_CLASS = YES_ERROR;
				CLANG_WARN_RANGE_LOOP_ANALYSIS = YES;
				CLANG_WARN_STRICT_PROTOTYPES = YES;
				CLANG_WARN_SUSPICIOUS_MOVE = YES;
				CLANG_WARN_UNGUARDED_AVAILABILITY = YES_AGGRESSIVE;
				CLANG_WARN_UNREACHABLE_CODE = YES;
				CLANG_WARN__DUPLICATE_METHOD_MATCH = YES;
				COPY_PHASE_STRIP = NO;
				DEBUG_INFORMATION_FORMAT = "dwarf-with-dsym";
				ENABLE_NS_ASSERTIONS = NO;
				ENABLE_STRICT_OBJC_MSGSEND = YES;
				GCC_C_LANGUAGE_STANDARD = gnu11;
				GCC_NO_COMMON_BLOCKS = YES;
				GCC_WARN_64_TO_32_BIT_CONVERSION = YES;
				GCC_WARN_ABOUT_RETURN_TYPE = YES_ERROR;
				GCC_WARN_UNDECLARED_SELECTOR = YES;
				GCC_WARN_UNINITIALIZED_AUTOS = YES_AGGRESSIVE;
				GCC_WARN_UNUSED_FUNCTION = YES;
				GCC_WARN_UNUSED_VARIABLE = YES;
				IPHONEOS_DEPLOYMENT_TARGET = 13.2;
				MTL_ENABLE_DEBUG_INFO = NO;
				MTL_FAST_MATH = YES;
				SDKROOT = iphoneos;
				SWIFT_COMPILATION_MODE = wholemodule;
				SWIFT_OPTIMIZATION_LEVEL = "-O";
				VALIDATE_PRODUCT = YES;
			};
			name = Release;
		};
		1455FC00239916BE006F3F5D /* Debug */ = {
			isa = XCBuildConfiguration;
			baseConfigurationReference = 21963F1FE54BD19168884945 /* Pods-MemeMe2.0.debug.xcconfig */;
			buildSettings = {
				ASSETCATALOG_COMPILER_APPICON_NAME = AppIcon;
				CODE_SIGN_STYLE = Automatic;
				DEVELOPMENT_TEAM = 3W6S8FM5ZF;
				INFOPLIST_FILE = "$(SRCROOT)/MemeMe2.0/Info.plist";
				LD_RUNPATH_SEARCH_PATHS = (
					"$(inherited)",
					"@executable_path/Frameworks",
				);
				PRODUCT_BUNDLE_IDENTIFIER = "com.ingroups.mobile.MemeMe1-0";
				PRODUCT_NAME = MemeMe2.0;
				SWIFT_VERSION = 5.0;
				TARGETED_DEVICE_FAMILY = "1,2";
			};
			name = Debug;
		};
		1455FC01239916BE006F3F5D /* Release */ = {
			isa = XCBuildConfiguration;
			baseConfigurationReference = ECE694D771FB6F5AE3BFAFFF /* Pods-MemeMe2.0.release.xcconfig */;
			buildSettings = {
				ASSETCATALOG_COMPILER_APPICON_NAME = AppIcon;
				CODE_SIGN_STYLE = Automatic;
				DEVELOPMENT_TEAM = 3W6S8FM5ZF;
				INFOPLIST_FILE = "$(SRCROOT)/MemeMe2.0/Info.plist";
				LD_RUNPATH_SEARCH_PATHS = (
					"$(inherited)",
					"@executable_path/Frameworks",
				);
				PRODUCT_BUNDLE_IDENTIFIER = "com.ingroups.mobile.MemeMe1-0";
				PRODUCT_NAME = MemeMe2.0;
				SWIFT_VERSION = 5.0;
				TARGETED_DEVICE_FAMILY = "1,2";
			};
			name = Release;
		};
/* End XCBuildConfiguration section */

/* Begin XCConfigurationList section */
		1455FBE6239916BC006F3F5D /* Build configuration list for PBXProject "MemeMe2.0" */ = {
			isa = XCConfigurationList;
			buildConfigurations = (
				1455FBFD239916BE006F3F5D /* Debug */,
				1455FBFE239916BE006F3F5D /* Release */,
			);
			defaultConfigurationIsVisible = 0;
			defaultConfigurationName = Release;
		};
		1455FBFF239916BE006F3F5D /* Build configuration list for PBXNativeTarget "MemeMe2.0" */ = {
			isa = XCConfigurationList;
			buildConfigurations = (
				1455FC00239916BE006F3F5D /* Debug */,
				1455FC01239916BE006F3F5D /* Release */,
			);
			defaultConfigurationIsVisible = 0;
			defaultConfigurationName = Release;
		};
/* End XCConfigurationList section */
	};
	rootObject = 1455FBE3239916BC006F3F5D /* Project object */;
}
